
Microsoft Visual Studio Solution File, Format Version 12.00
# Visual Studio Version 17
VisualStudioVersion = 17.2.32516.85
MinimumVisualStudioVersion = 10.0.40219.1
Project("{9A19103F-16F7-4668-BE54-9A1E7A4F7556}") = "Core.Seguridades", "Core.Seguridades\Core.Seguridades.csproj", "{A2E5DD61-2911-4563-B31D-F15386D1695C}"
EndProject
Project("{9A19103F-16F7-4668-BE54-9A1E7A4F7556}") = "Core.Seguridades.BusinessLogic", "Core.Seguridades.BusinessLogic\Core.Seguridades.BusinessLogic.csproj", "{130B8F94-19F7-4E29-86D4-D1CBAADB1D05}"
EndProject
Project("{9A19103F-16F7-4668-BE54-9A1E7A4F7556}") = "Core.Seguridades.DataAccess", "Core.Seguridades.DataAccess\Core.Seguridades.DataAccess.csproj", "{6266C550-89BD-44DE-9D0E-8103D18535D0}"
EndProject
Project("{9A19103F-16F7-4668-BE54-9A1E7A4F7556}") = "Core.Seguridades.Model", "Core.Seguridades.Model\Core.Seguridades.Model.csproj", "{E04C68B7-6668-4897-890B-C98D553EA5C9}"
EndProject
Project("{9A19103F-16F7-4668-BE54-9A1E7A4F7556}") = "Core.Seguridades.Adapter", "Core.Seguridades.Adapter\Core.Seguridades.Adapter.csproj", "{40917B5C-953E-41EF-AD66-B84377FD9B09}"
EndProject
Project("{9A19103F-16F7-4668-BE54-9A1E7A4F7556}") = "Core.Seguridades.Helpers", "Core.Seguridades.JWT\Core.Seguridades.Helpers.csproj", "{BC9121AE-3F34-428D-8123-58638E06DCDD}"
EndProject
Project("{9A19103F-16F7-4668-BE54-9A1E7A4F7556}") = "Core.Seguridades.Test", "Core.Seguridades.Test\Core.Seguridades.Test.csproj", "{3B54AFA4-276D-4731-9FFB-98C12F3A8438}"
EndProject
Global
	GlobalSection(SolutionConfigurationPlatforms) = preSolution
		Debug|Any CPU = Debug|Any CPU
		Release|Any CPU = Release|Any CPU
	EndGlobalSection
	GlobalSection(ProjectConfigurationPlatforms) = postSolution
		{A2E5DD61-2911-4563-B31D-F15386D1695C}.Debug|Any CPU.ActiveCfg = Debug|Any CPU
		{A2E5DD61-2911-4563-B31D-F15386D1695C}.Debug|Any CPU.Build.0 = Debug|Any CPU
		{A2E5DD61-2911-4563-B31D-F15386D1695C}.Release|Any CPU.ActiveCfg = Release|Any CPU
		{A2E5DD61-2911-4563-B31D-F15386D1695C}.Release|Any CPU.Build.0 = Release|Any CPU
		{130B8F94-19F7-4E29-86D4-D1CBAADB1D05}.Debug|Any CPU.ActiveCfg = Debug|Any CPU
		{130B8F94-19F7-4E29-86D4-D1CBAADB1D05}.Debug|Any CPU.Build.0 = Debug|Any CPU
		{130B8F94-19F7-4E29-86D4-D1CBAADB1D05}.Release|Any CPU.ActiveCfg = Release|Any CPU
		{130B8F94-19F7-4E29-86D4-D1CBAADB1D05}.Release|Any CPU.Build.0 = Release|Any CPU
		{6266C550-89BD-44DE-9D0E-8103D18535D0}.Debug|Any CPU.ActiveCfg = Debug|Any CPU
		{6266C550-89BD-44DE-9D0E-8103D18535D0}.Debug|Any CPU.Build.0 = Debug|Any CPU
		{6266C550-89BD-44DE-9D0E-8103D18535D0}.Release|Any CPU.ActiveCfg = Release|Any CPU
		{6266C550-89BD-44DE-9D0E-8103D18535D0}.Release|Any CPU.Build.0 = Release|Any CPU
		{E04C68B7-6668-4897-890B-C98D553EA5C9}.Debug|Any CPU.ActiveCfg = Debug|Any CPU
		{E04C68B7-6668-4897-890B-C98D553EA5C9}.Debug|Any CPU.Build.0 = Debug|Any CPU
		{E04C68B7-6668-4897-890B-C98D553EA5C9}.Release|Any CPU.ActiveCfg = Release|Any CPU
		{E04C68B7-6668-4897-890B-C98D553EA5C9}.Release|Any CPU.Build.0 = Release|Any CPU
		{40917B5C-953E-41EF-AD66-B84377FD9B09}.Debug|Any CPU.ActiveCfg = Debug|Any CPU
		{40917B5C-953E-41EF-AD66-B84377FD9B09}.Debug|Any CPU.Build.0 = Debug|Any CPU
		{40917B5C-953E-41EF-AD66-B84377FD9B09}.Release|Any CPU.ActiveCfg = Release|Any CPU
		{40917B5C-953E-41EF-AD66-B84377FD9B09}.Release|Any CPU.Build.0 = Release|Any CPU
		{BC9121AE-3F34-428D-8123-58638E06DCDD}.Debug|Any CPU.ActiveCfg = Debug|Any CPU
		{BC9121AE-3F34-428D-8123-58638E06DCDD}.Debug|Any CPU.Build.0 = Debug|Any CPU
		{BC9121AE-3F34-428D-8123-58638E06DCDD}.Release|Any CPU.ActiveCfg = Release|Any CPU
		{BC9121AE-3F34-428D-8123-58638E06DCDD}.Release|Any CPU.Build.0 = Release|Any CPU
		{3B54AFA4-276D-4731-9FFB-98C12F3A8438}.Debug|Any CPU.ActiveCfg = Debug|Any CPU
		{3B54AFA4-276D-4731-9FFB-98C12F3A8438}.Debug|Any CPU.Build.0 = Debug|Any CPU
		{3B54AFA4-276D-4731-9FFB-98C12F3A8438}.Release|Any CPU.ActiveCfg = Release|Any CPU
		{3B54AFA4-276D-4731-9FFB-98C12F3A8438}.Release|Any CPU.Build.0 = Release|Any CPU
	EndGlobalSection
	GlobalSection(SolutionProperties) = preSolution
		HideSolutionNode = FALSE
	EndGlobalSection
	GlobalSection(ExtensibilityGlobals) = postSolution
		SolutionGuid = {CAA11FB7-3F79-42BE-B098-E1346EA3E31B}
	EndGlobalSection
EndGlobal
